
Microsoft Visual Studio Solution File, Format Version 12.00
# Visual Studio Version 17
VisualStudioVersion = 17.6.33801.468
MinimumVisualStudioVersion = 10.0.40219.1
Project("{FAE04EC0-301F-11D3-BF4B-00C04F79EFBC}") = "DummyAPI", "DummyAPI\DummyAPI.csproj", "{3649E03F-9628-499A-BB89-85DD6B3E50BE}"
EndProject
Global
	GlobalSection(SolutionConfigurationPlatforms) = preSolution
		Debug|Any CPU = Debug|Any CPU
		Release|Any CPU = Release|Any CPU
	EndGlobalSection
	GlobalSection(ProjectConfigurationPlatforms) = postSolution
		{3649E03F-9628-499A-BB89-85DD6B3E50BE}.Debug|Any CPU.ActiveCfg = Debug|Any CPU
		{3649E03F-9628-499A-BB89-85DD6B3E50BE}.Debug|Any CPU.Build.0 = Debug|Any CPU
		{3649E03F-9628-499A-BB89-85DD6B3E50BE}.Release|Any CPU.ActiveCfg = Release|Any CPU
		{3649E03F-9628-499A-BB89-85DD6B3E50BE}.Release|Any CPU.Build.0 = Release|Any CPU
	EndGlobalSection
	GlobalSection(SolutionProperties) = preSolution
		HideSolutionNode = FALSE
	EndGlobalSection
	GlobalSection(ExtensibilityGlobals) = postSolution
		SolutionGuid = {9E501A9E-BCAA-450F-9847-04DE7601E68B}
	EndGlobalSection
EndGlobal
